
Microsoft Visual Studio Solution File, Format Version 12.00
# Visual Studio Version 17
VisualStudioVersion = 17.14.36310.24 d17.14
MinimumVisualStudioVersion = 10.0.40219.1
Project("{8BC9CEB8-8B4A-11D0-8D11-00A0C91BC942}") = "zzzzz_degree_grouper_Ver1.2_U_BK", "zzzzz_degree_grouper_Ver1.2_U_BK.vcxproj", "{93BF0565-AFCE-45BD-B00F-AC77EB980646}"
EndProject
Global
	GlobalSection(SolutionConfigurationPlatforms) = preSolution
		Debug|x64 = Debug|x64
		Debug|x86 = Debug|x86
		Release|x64 = Release|x64
		Release|x86 = Release|x86
	EndGlobalSection
	GlobalSection(ProjectConfigurationPlatforms) = postSolution
		{93BF0565-AFCE-45BD-B00F-AC77EB980646}.Debug|x64.ActiveCfg = Debug|x64
		{93BF0565-AFCE-45BD-B00F-AC77EB980646}.Debug|x64.Build.0 = Debug|x64
		{93BF0565-AFCE-45BD-B00F-AC77EB980646}.Debug|x86.ActiveCfg = Debug|Win32
		{93BF0565-AFCE-45BD-B00F-AC77EB980646}.Debug|x86.Build.0 = Debug|Win32
		{93BF0565-AFCE-45BD-B00F-AC77EB980646}.Release|x64.ActiveCfg = Release|x64
		{93BF0565-AFCE-45BD-B00F-AC77EB980646}.Release|x64.Build.0 = Release|x64
		{93BF0565-AFCE-45BD-B00F-AC77EB980646}.Release|x86.ActiveCfg = Release|Win32
		{93BF0565-AFCE-45BD-B00F-AC77EB980646}.Release|x86.Build.0 = Release|Win32
	EndGlobalSection
	GlobalSection(SolutionProperties) = preSolution
		HideSolutionNode = FALSE
	EndGlobalSection
	GlobalSection(ExtensibilityGlobals) = postSolution
		SolutionGuid = {D9406B73-46A1-4311-81DE-51985DF96270}
	EndGlobalSection
EndGlobal
